
Microsoft Visual Studio Solution File, Format Version 12.00
# Visual Studio Version 17
VisualStudioVersion = 17.7.34031.279
MinimumVisualStudioVersion = 10.0.40219.1
Project("{888888A0-9F3D-457C-B088-3A5042F75D52}") = "GUIdesign", "GUIdesign.pyproj", "{22D39A9F-19A8-47AF-BAB1-2FDF30B4DD98}"
EndProject
Global
	GlobalSection(SolutionConfigurationPlatforms) = preSolution
		Debug|Any CPU = Debug|Any CPU
		Release|Any CPU = Release|Any CPU
	EndGlobalSection
	GlobalSection(ProjectConfigurationPlatforms) = postSolution
		{22D39A9F-19A8-47AF-BAB1-2FDF30B4DD98}.Debug|Any CPU.ActiveCfg = Debug|Any CPU
		{22D39A9F-19A8-47AF-BAB1-2FDF30B4DD98}.Release|Any CPU.ActiveCfg = Release|Any CPU
	EndGlobalSection
	GlobalSection(SolutionProperties) = preSolution
		HideSolutionNode = FALSE
	EndGlobalSection
	GlobalSection(ExtensibilityGlobals) = postSolution
		SolutionGuid = {F0760494-FEAD-490D-AEB5-6A5E4D8532FC}
	EndGlobalSection
EndGlobal
